// !$*UTF8*$!
{
	archiveVersion = 1;
	classes = {
	};
	objectVersion = 77;
	objects = {

/* Begin PBXContainerItemProxy section */
		6C03DFD32E3CA251008778D1 /* PBXContainerItemProxy */ = {
			isa = PBXContainerItemProxy;
			containerPortal = 6C03DFBD2E3CA24F008778D1 /* Project object */;
			proxyType = 1;
			remoteGlobalIDString = 6C03DFC42E3CA24F008778D1;
			remoteInfo = Monty_2;
		};
		6C03DFDD2E3CA251008778D1 /* PBXContainerItemProxy */ = {
			isa = PBXContainerItemProxy;
			containerPortal = 6C03DFBD2E3CA24F008778D1 /* Project object */;
			proxyType = 1;
			remoteGlobalIDString = 6C03DFC42E3CA24F008778D1;
			remoteInfo = Monty_2;
		};
/* End PBXContainerItemProxy section */

/* Begin PBXFileReference section */
		6C03DFC52E3CA24F008778D1 /* Monty_2.app */ = {isa = PBXFileReference; explicitFileType = wrapper.application; includeInIndex = 0; path = Monty_2.app; sourceTree = BUILT_PRODUCTS_DIR; };
		6C03DFD22E3CA251008778D1 /* Monty_2Tests.xctest */ = {isa = PBXFileReference; explicitFileType = wrapper.cfbundle; includeInIndex = 0; path = Monty_2Tests.xctest; sourceTree = BUILT_PRODUCTS_DIR; };
		6C03DFDC2E3CA251008778D1 /* Monty_2UITests.xctest */ = {isa = PBXFileReference; explicitFileType = wrapper.cfbundle; includeInIndex = 0; path = Monty_2UITests.xctest; sourceTree = BUILT_PRODUCTS_DIR; };
/* End PBXFileReference section */

/* Begin PBXFileSystemSynchronizedRootGroup section */
		6C03DFC72E3CA24F008778D1 /* Monty_2 */ = {
			isa = PBXFileSystemSynchronizedRootGroup;
			path = Monty_2;
			sourceTree = "<group>";
		};
		6C03DFD52E3CA251008778D1 /* Monty_2Tests */ = {
			isa = PBXFileSystemSynchronizedRootGroup;
			path = Monty_2Tests;
			sourceTree = "<group>";
		};
		6C03DFDF2E3CA251008778D1 /* Monty_2UITests */ = {
			isa = PBXFileSystemSynchronizedRootGroup;
			path = Monty_2UITests;
			sourceTree = "<group>";
		};
/* End PBXFileSystemSynchronizedRootGroup section */

/* Begin PBXFrameworksBuildPhase section */
		6C03DFC22E3CA24F008778D1 /* Frameworks */ = {
			isa = PBXFrameworksBuildPhase;
			buildActionMask = 2147483647;
			files = (
			);
			runOnlyForDeploymentPostprocessing = 0;
		};
		6C03DFCF2E3CA251008778D1 /* Frameworks */ = {
			isa = PBXFrameworksBuildPhase;
			buildActionMask = 2147483647;
			files = (
			);
			runOnlyForDeploymentPostprocessing = 0;
		};
		6C03DFD92E3CA251008778D1 /* Frameworks */ = {
			isa = PBXFrameworksBuildPhase;
			buildActionMask = 2147483647;
			files = (
			);
			runOnlyForDeploymentPostprocessing = 0;
		};
/* End PBXFrameworksBuildPhase section */

/* Begin PBXGroup section */
		6C03DFBC2E3CA24F008778D1 = {
			isa = PBXGroup;
			children = (
				6C03DFC72E3CA24F008778D1 /* Monty_2 */,
				6C03DFD52E3CA251008778D1 /* Monty_2Tests */,
				6C03DFDF2E3CA251008778D1 /* Monty_2UITests */,
				6C03DFC62E3CA24F008778D1 /* Products */,
			);
			sourceTree = "<group>";
		};
		6C03DFC62E3CA24F008778D1 /* Products */ = {
			isa = PBXGroup;
			children = (
				6C03DFC52E3CA24F008778D1 /* Monty_2.app */,
				6C03DFD22E3CA251008778D1 /* Monty_2Tests.xctest */,
				6C03DFDC2E3CA251008778D1 /* Monty_2UITests.xctest */,
			);
			name = Products;
			sourceTree = "<group>";
		};
/* End PBXGroup section */

/* Begin PBXNativeTarget section */
		6C03DFC42E3CA24F008778D1 /* Monty_2 */ = {
			isa = PBXNativeTarget;
			buildConfigurationList = 6C03DFE62E3CA251008778D1 /* Build configuration list for PBXNativeTarget "Monty_2" */;
			buildPhases = (
				6C03DFC12E3CA24F008778D1 /* Sources */,
				6C03DFC22E3CA24F008778D1 /* Frameworks */,
				6C03DFC32E3CA24F008778D1 /* Resources */,
			);
			buildRules = (
			);
			dependencies = (
			);
			fileSystemSynchronizedGroups = (
				6C03DFC72E3CA24F008778D1 /* Monty_2 */,
			);
			name = Monty_2;
			packageProductDependencies = (
			);
			productName = Monty_2;
			productReference = 6C03DFC52E3CA24F008778D1 /* Monty_2.app */;
			productType = "com.apple.product-type.application";
		};
		6C03DFD12E3CA251008778D1 /* Monty_2Tests */ = {
			isa = PBXNativeTarget;
			buildConfigurationList = 6C03DFE92E3CA251008778D1 /* Build configuration list for PBXNativeTarget "Monty_2Tests" */;
			buildPhases = (
				6C03DFCE2E3CA251008778D1 /* Sources */,
				6C03DFCF2E3CA251008778D1 /* Frameworks */,
				6C03DFD02E3CA251008778D1 /* Resources */,
			);
			buildRules = (
			);
			dependencies = (
				6C03DFD42E3CA251008778D1 /* PBXTargetDependency */,
			);
			fileSystemSynchronizedGroups = (
				6C03DFD52E3CA251008778D1 /* Monty_2Tests */,
			);
			name = Monty_2Tests;
			packageProductDependencies = (
			);
			productName = Monty_2Tests;
			productReference = 6C03DFD22E3CA251008778D1 /* Monty_2Tests.xctest */;
			productType = "com.apple.product-type.bundle.unit-test";
		};
		6C03DFDB2E3CA251008778D1 /* Monty_2UITests */ = {
			isa = PBXNativeTarget;
			buildConfigurationList = 6C03DFEC2E3CA251008778D1 /* Build configuration list for PBXNativeTarget "Monty_2UITests" */;
			buildPhases = (
				6C03DFD82E3CA251008778D1 /* Sources */,
				6C03DFD92E3CA251008778D1 /* Frameworks */,
				6C03DFDA2E3CA251008778D1 /* Resources */,
			);
			buildRules = (
			);
			dependencies = (
				6C03DFDE2E3CA251008778D1 /* PBXTargetDependency */,
			);
			fileSystemSynchronizedGroups = (
				6C03DFDF2E3CA251008778D1 /* Monty_2UITests */,
			);
			name = Monty_2UITests;
			packageProductDependencies = (
			);
			productName = Monty_2UITests;
			productReference = 6C03DFDC2E3CA251008778D1 /* Monty_2UITests.xctest */;
			productType = "com.apple.product-type.bundle.ui-testing";
		};
/* End PBXNativeTarget section */

/* Begin PBXProject section */
		6C03DFBD2E3CA24F008778D1 /* Project object */ = {
			isa = PBXProject;
			attributes = {
				BuildIndependentTargetsInParallel = 1;
				LastSwiftUpdateCheck = 1640;
				LastUpgradeCheck = 1640;
				TargetAttributes = {
					6C03DFC42E3CA24F008778D1 = {
						CreatedOnToolsVersion = 16.4;
					};
					6C03DFD12E3CA251008778D1 = {
						CreatedOnToolsVersion = 16.4;
						TestTargetID = 6C03DFC42E3CA24F008778D1;
					};
					6C03DFDB2E3CA251008778D1 = {
						CreatedOnToolsVersion = 16.4;
						TestTargetID = 6C03DFC42E3CA24F008778D1;
					};
				};
			};
			buildConfigurationList = 6C03DFC02E3CA24F008778D1 /* Build configuration list for PBXProject "Monty_2" */;
			developmentRegion = en;
			hasScannedForEncodings = 0;
			knownRegions = (
				en,
				Base,
			);
			mainGroup = 6C03DFBC2E3CA24F008778D1;
			minimizedProjectReferenceProxies = 1;
			preferredProjectObjectVersion = 77;
			productRefGroup = 6C03DFC62E3CA24F008778D1 /* Products */;
			projectDirPath = "";
			projectRoot = "";
			targets = (
				6C03DFC42E3CA24F008778D1 /* Monty_2 */,
				6C03DFD12E3CA251008778D1 /* Monty_2Tests */,
				6C03DFDB2E3CA251008778D1 /* Monty_2UITests */,
			);
		};
/* End PBXProject section */

/* Begin PBXResourcesBuildPhase section */
		6C03DFC32E3CA24F008778D1 /* Resources */ = {
			isa = PBXResourcesBuildPhase;
			buildActionMask = 2147483647;
			files = (
			);
			runOnlyForDeploymentPostprocessing = 0;
		};
		6C03DFD02E3CA251008778D1 /* Resources */ = {
			isa = PBXResourcesBuildPhase;
			buildActionMask = 2147483647;
			files = (
			);
			runOnlyForDeploymentPostprocessing = 0;
		};
		6C03DFDA2E3CA251008778D1 /* Resources */ = {
			isa = PBXResourcesBuildPhase;
			buildActionMask = 2147483647;
			files = (
			);
			runOnlyForDeploymentPostprocessing = 0;
		};
/* End PBXResourcesBuildPhase section */

/* Begin PBXSourcesBuildPhase section */
		6C03DFC12E3CA24F008778D1 /* Sources */ = {
			isa = PBXSourcesBuildPhase;
			buildActionMask = 2147483647;
			files = (
			);
			runOnlyForDeploymentPostprocessing = 0;
		};
		6C03DFCE2E3CA251008778D1 /* Sources */ = {
			isa = PBXSourcesBuildPhase;
			buildActionMask = 2147483647;
			files = (
			);
			runOnlyForDeploymentPostprocessing = 0;
		};
		6C03DFD82E3CA251008778D1 /* Sources */ = {
			isa = PBXSourcesBuildPhase;
			buildActionMask = 2147483647;
			files = (
			);
			runOnlyForDeploymentPostprocessing = 0;
		};
/* End PBXSourcesBuildPhase section */

/* Begin PBXTargetDependency section */
		6C03DFD42E3CA251008778D1 /* PBXTargetDependency */ = {
			isa = PBXTargetDependency;
			target = 6C03DFC42E3CA24F008778D1 /* Monty_2 */;
			targetProxy = 6C03DFD32E3CA251008778D1 /* PBXContainerItemProxy */;
		};
		6C03DFDE2E3CA251008778D1 /* PBXTargetDependency */ = {
			isa = PBXTargetDependency;
			target = 6C03DFC42E3CA24F008778D1 /* Monty_2 */;
			targetProxy = 6C03DFDD2E3CA251008778D1 /* PBXContainerItemProxy */;
		};
/* End PBXTargetDependency section */

/* Begin XCBuildConfiguration section */
		6C03DFE42E3CA251008778D1 /* Debug */ = {
			isa = XCBuildConfiguration;
			buildSettings = {
				ALWAYS_SEARCH_USER_PATHS = NO;
				ASSETCATALOG_COMPILER_GENERATE_SWIFT_ASSET_SYMBOL_EXTENSIONS = YES;
				CLANG_ANALYZER_NONNULL = YES;
				CLANG_ANALYZER_NUMBER_OBJECT_CONVERSION = YES_AGGRESSIVE;
				CLANG_CXX_LANGUAGE_STANDARD = "gnu++20";
				CLANG_ENABLE_MODULES = YES;
				CLANG_ENABLE_OBJC_ARC = YES;
				CLANG_ENABLE_OBJC_WEAK = YES;
				CLANG_WARN_BLOCK_CAPTURE_AUTORELEASING = YES;
				CLANG_WARN_BOOL_CONVERSION = YES;
				CLANG_WARN_COMMA = YES;
				CLANG_WARN_CONSTANT_CONVERSION = YES;
				CLANG_WARN_DEPRECATED_OBJC_IMPLEMENTATIONS = YES;
				CLANG_WARN_DIRECT_OBJC_ISA_USAGE = YES_ERROR;
				CLANG_WARN_DOCUMENTATION_COMMENTS = YES;
				CLANG_WARN_EMPTY_BODY = YES;
				CLANG_WARN_ENUM_CONVERSION = YES;
				CLANG_WARN_INFINITE_RECURSION = YES;
				CLANG_WARN_INT_CONVERSION = YES;
				CLANG_WARN_NON_LITERAL_NULL_CONVERSION = YES;
				CLANG_WARN_OBJC_IMPLICIT_RETAIN_SELF = YES;
				CLANG_WARN_OBJC_LITERAL_CONVERSION = YES;
				CLANG_WARN_OBJC_ROOT_CLASS = YES_ERROR;
				CLANG_WARN_QUOTED_INCLUDE_IN_FRAMEWORK_HEADER = YES;
				CLANG_WARN_RANGE_LOOP_ANALYSIS = YES;
				CLANG_WARN_STRICT_PROTOTYPES = YES;
				CLANG_WARN_SUSPICIOUS_MOVE = YES;
				CLANG_WARN_UNGUARDED_AVAILABILITY = YES_AGGRESSIVE;
				CLANG_WARN_UNREACHABLE_CODE = YES;
				CLANG_WARN__DUPLICATE_METHOD_MATCH = YES;
				COPY_PHASE_STRIP = NO;
				DEBUG_INFORMATION_FORMAT = dwarf;
				ENABLE_STRICT_OBJC_MSGSEND = YES;
				ENABLE_TESTABILITY = YES;
				ENABLE_USER_SCRIPT_SANDBOXING = YES;
				GCC_C_LANGUAGE_STANDARD = gnu17;
				GCC_DYNAMIC_NO_PIC = NO;
				GCC_NO_COMMON_BLOCKS = YES;
				GCC_OPTIMIZATION_LEVEL = 0;
				GCC_PREPROCESSOR_DEFINITIONS = (
					"DEBUG=1",
					"$(inherited)",
				);
				GCC_WARN_64_TO_32_BIT_CONVERSION = YES;
				GCC_WARN_ABOUT_RETURN_TYPE = YES_ERROR;
				GCC_WARN_UNDECLARED_SELECTOR = YES;
				GCC_WARN_UNINITIALIZED_AUTOS = YES_AGGRESSIVE;
				GCC_WARN_UNUSED_FUNCTION = YES;
				GCC_WARN_UNUSED_VARIABLE = YES;
				IPHONEOS_DEPLOYMENT_TARGET = 18.5;
				LOCALIZATION_PREFERS_STRING_CATALOGS = YES;
				MTL_ENABLE_DEBUG_INFO = INCLUDE_SOURCE;
				MTL_FAST_MATH = YES;
				ONLY_ACTIVE_ARCH = YES;
				SDKROOT = iphoneos;
				SWIFT_ACTIVE_COMPILATION_CONDITIONS = "DEBUG $(inherited)";
				SWIFT_OPTIMIZATION_LEVEL = "-Onone";
			};
			name = Debug;
		};
		6C03DFE52E3CA251008778D1 /* Release */ = {
			isa = XCBuildConfiguration;
			buildSettings = {
				ALWAYS_SEARCH_USER_PATHS = NO;
				ASSETCATALOG_COMPILER_GENERATE_SWIFT_ASSET_SYMBOL_EXTENSIONS = YES;
				CLANG_ANALYZER_NONNULL = YES;
				CLANG_ANALYZER_NUMBER_OBJECT_CONVERSION = YES_AGGRESSIVE;
				CLANG_CXX_LANGUAGE_STANDARD = "gnu++20";
				CLANG_ENABLE_MODULES = YES;
				CLANG_ENABLE_OBJC_ARC = YES;
				CLANG_ENABLE_OBJC_WEAK = YES;
				CLANG_WARN_BLOCK_CAPTURE_AUTORELEASING = YES;
				CLANG_WARN_BOOL_CONVERSION = YES;
				CLANG_WARN_COMMA = YES;
				CLANG_WARN_CONSTANT_CONVERSION = YES;
				CLANG_WARN_DEPRECATED_OBJC_IMPLEMENTATIONS = YES;
				CLANG_WARN_DIRECT_OBJC_ISA_USAGE = YES_ERROR;
				CLANG_WARN_DOCUMENTATION_COMMENTS = YES;
				CLANG_WARN_EMPTY_BODY = YES;
				CLANG_WARN_ENUM_CONVERSION = YES;
				CLANG_WARN_INFINITE_RECURSION = YES;
				CLANG_WARN_INT_CONVERSION = YES;
				CLANG_WARN_NON_LITERAL_NULL_CONVERSION = YES;
				CLANG_WARN_OBJC_IMPLICIT_RETAIN_SELF = YES;
				CLANG_WARN_OBJC_LITERAL_CONVERSION = YES;
				CLANG_WARN_OBJC_ROOT_CLASS = YES_ERROR;
				CLANG_WARN_QUOTED_INCLUDE_IN_FRAMEWORK_HEADER = YES;
				CLANG_WARN_RANGE_LOOP_ANALYSIS = YES;
				CLANG_WARN_STRICT_PROTOTYPES = YES;
				CLANG_WARN_SUSPICIOUS_MOVE = YES;
				CLANG_WARN_UNGUARDED_AVAILABILITY = YES_AGGRESSIVE;
				CLANG_WARN_UNREACHABLE_CODE = YES;
				CLANG_WARN__DUPLICATE_METHOD_MATCH = YES;
				COPY_PHASE_STRIP = NO;
				DEBUG_INFORMATION_FORMAT = "dwarf-with-dsym";
				ENABLE_NS_ASSERTIONS = NO;
				ENABLE_STRICT_OBJC_MSGSEND = YES;
				ENABLE_USER_SCRIPT_SANDBOXING = YES;
				GCC_C_LANGUAGE_STANDARD = gnu17;
				GCC_NO_COMMON_BLOCKS = YES;
				GCC_WARN_64_TO_32_BIT_CONVERSION = YES;
				GCC_WARN_ABOUT_RETURN_TYPE = YES_ERROR;
				GCC_WARN_UNDECLARED_SELECTOR = YES;
				GCC_WARN_UNINITIALIZED_AUTOS = YES_AGGRESSIVE;
				GCC_WARN_UNUSED_FUNCTION = YES;
				GCC_WARN_UNUSED_VARIABLE = YES;
				IPHONEOS_DEPLOYMENT_TARGET = 18.5;
				LOCALIZATION_PREFERS_STRING_CATALOGS = YES;
				MTL_ENABLE_DEBUG_INFO = NO;
				MTL_FAST_MATH = YES;
				SDKROOT = iphoneos;
				SWIFT_COMPILATION_MODE = wholemodule;
				VALIDATE_PRODUCT = YES;
			};
			name = Release;
		};
		6C03DFE72E3CA251008778D1 /* Debug */ = {
			isa = XCBuildConfiguration;
			buildSettings = {
				ASSETCATALOG_COMPILER_APPICON_NAME = AppIcon;
				ASSETCATALOG_COMPILER_GLOBAL_ACCENT_COLOR_NAME = AccentColor;
				CODE_SIGN_STYLE = Automatic;
				CURRENT_PROJECT_VERSION = 1;
				ENABLE_PREVIEWS = YES;
				GENERATE_INFOPLIST_FILE = YES;
				INFOPLIST_KEY_UIApplicationSceneManifest_Generation = YES;
				INFOPLIST_KEY_UIApplicationSupportsIndirectInputEvents = YES;
				INFOPLIST_KEY_UILaunchScreen_Generation = YES;
				INFOPLIST_KEY_UISupportedInterfaceOrientations = "UIInterfaceOrientationLandscapeLeft UIInterfaceOrientationLandscapeRight UIInterfaceOrientationPortraitUpsideDown";
				LD_RUNPATH_SEARCH_PATHS = (
					"$(inherited)",
					"@executable_path/Frameworks",
				);
				MARKETING_VERSION = 1.0;
				PRODUCT_BUNDLE_IDENTIFIER = com.gkohli3;
				PRODUCT_NAME = "$(TARGET_NAME)";
				SWIFT_EMIT_LOC_STRINGS = YES;
				SWIFT_VERSION = 5.0;
				TARGETED_DEVICE_FAMILY = "1,2";
			};
			name = Debug;
		};
		6C03DFE82E3CA251008778D1 /* Release */ = {
			isa = XCBuildConfiguration;
			buildSettings = {
				ASSETCATALOG_COMPILER_APPICON_NAME = AppIcon;
				ASSETCATALOG_COMPILER_GLOBAL_ACCENT_COLOR_NAME = AccentColor;
				CODE_SIGN_STYLE = Automatic;
				CURRENT_PROJECT_VERSION = 1;
				ENABLE_PREVIEWS = YES;
				GENERATE_INFOPLIST_FILE = YES;
				INFOPLIST_KEY_UIApplicationSceneManifest_Generation = YES;
				INFOPLIST_KEY_UIApplicationSupportsIndirectInputEvents = YES;
				INFOPLIST_KEY_UILaunchScreen_Generation = YES;
				INFOPLIST_KEY_UISupportedInterfaceOrientations = "UIInterfaceOrientationLandscapeLeft UIInterfaceOrientationLandscapeRight UIInterfaceOrientationPortraitUpsideDown";
				LD_RUNPATH_SEARCH_PATHS = (
					"$(inherited)",
					"@executable_path/Frameworks",
				);
				MARKETING_VERSION = 1.0;
				PRODUCT_BUNDLE_IDENTIFIER = com.gkohli3;
				PRODUCT_NAME = "$(TARGET_NAME)";
				SWIFT_EMIT_LOC_STRINGS = YES;
				SWIFT_VERSION = 5.0;
				TARGETED_DEVICE_FAMILY = "1,2";
			};
			name = Release;
		};
		6C03DFEA2E3CA251008778D1 /* Debug */ = {
			isa = XCBuildConfiguration;
			buildSettings = {
				BUNDLE_LOADER = "$(TEST_HOST)";
				CODE_SIGN_STYLE = Automatic;
				CURRENT_PROJECT_VERSION = 1;
				GENERATE_INFOPLIST_FILE = YES;
				IPHONEOS_DEPLOYMENT_TARGET = 18.5;
				MARKETING_VERSION = 1.0;
				PRODUCT_BUNDLE_IDENTIFIER = "com.Monty-2Tests";
				PRODUCT_NAME = "$(TARGET_NAME)";
				SWIFT_EMIT_LOC_STRINGS = NO;
				SWIFT_VERSION = 5.0;
				TARGETED_DEVICE_FAMILY = "1,2";
				TEST_HOST = "$(BUILT_PRODUCTS_DIR)/Monty_2.app/$(BUNDLE_EXECUTABLE_FOLDER_PATH)/Monty_2";
			};
			name = Debug;
		};
		6C03DFEB2E3CA251008778D1 /* Release */ = {
			isa = XCBuildConfiguration;
			buildSettings = {
				BUNDLE_LOADER = "$(TEST_HOST)";
				CODE_SIGN_STYLE = Automatic;
				CURRENT_PROJECT_VERSION = 1;
				GENERATE_INFOPLIST_FILE = YES;
				IPHONEOS_DEPLOYMENT_TARGET = 18.5;
				MARKETING_VERSION = 1.0;
				PRODUCT_BUNDLE_IDENTIFIER = "com.Monty-2Tests";
				PRODUCT_NAME = "$(TARGET_NAME)";
				SWIFT_EMIT_LOC_STRINGS = NO;
				SWIFT_VERSION = 5.0;
				TARGETED_DEVICE_FAMILY = "1,2";
				TEST_HOST = "$(BUILT_PRODUCTS_DIR)/Monty_2.app/$(BUNDLE_EXECUTABLE_FOLDER_PATH)/Monty_2";
			};
			name = Release;
		};
		6C03DFED2E3CA251008778D1 /* Debug */ = {
			isa = XCBuildConfiguration;
			buildSettings = {
				CODE_SIGN_STYLE = Automatic;
				CURRENT_PROJECT_VERSION = 1;
				GENERATE_INFOPLIST_FILE = YES;
				MARKETING_VERSION = 1.0;
				PRODUCT_BUNDLE_IDENTIFIER = "com.Monty-2UITests";
				PRODUCT_NAME = "$(TARGET_NAME)";
				SWIFT_EMIT_LOC_STRINGS = NO;
				SWIFT_VERSION = 5.0;
				TARGETED_DEVICE_FAMILY = "1,2";
				TEST_TARGET_NAME = Monty_2;
			};
			name = Debug;
		};
		6C03DFEE2E3CA251008778D1 /* Release */ = {
			isa = XCBuildConfiguration;
			buildSettings = {
				CODE_SIGN_STYLE = Automatic;
				CURRENT_PROJECT_VERSION = 1;
				GENERATE_INFOPLIST_FILE = YES;
				MARKETING_VERSION = 1.0;
				PRODUCT_BUNDLE_IDENTIFIER = "com.Monty-2UITests";
				PRODUCT_NAME = "$(TARGET_NAME)";
				SWIFT_EMIT_LOC_STRINGS = NO;
				SWIFT_VERSION = 5.0;
				TARGETED_DEVICE_FAMILY = "1,2";
				TEST_TARGET_NAME = Monty_2;
			};
			name = Release;
		};
/* End XCBuildConfiguration section */

/* Begin XCConfigurationList section */
		6C03DFC02E3CA24F008778D1 /* Build configuration list for PBXProject "Monty_2" */ = {
			isa = XCConfigurationList;
			buildConfigurations = (
				6C03DFE42E3CA251008778D1 /* Debug */,
				6C03DFE52E3CA251008778D1 /* Release */,
			);
			defaultConfigurationIsVisible = 0;
			defaultConfigurationName = Release;
		};
		6C03DFE62E3CA251008778D1 /* Build configuration list for PBXNativeTarget "Monty_2" */ = {
			isa = XCConfigurationList;
			buildConfigurations = (
				6C03DFE72E3CA251008778D1 /* Debug */,
				6C03DFE82E3CA251008778D1 /* Release */,
			);
			defaultConfigurationIsVisible = 0;
			defaultConfigurationName = Release;
		};
		6C03DFE92E3CA251008778D1 /* Build configuration list for PBXNativeTarget "Monty_2Tests" */ = {
			isa = XCConfigurationList;
			buildConfigurations = (
				6C03DFEA2E3CA251008778D1 /* Debug */,
				6C03DFEB2E3CA251008778D1 /* Release */,
			);
			defaultConfigurationIsVisible = 0;
			defaultConfigurationName = Release;
		};
		6C03DFEC2E3CA251008778D1 /* Build configuration list for PBXNativeTarget "Monty_2UITests" */ = {
			isa = XCConfigurationList;
			buildConfigurations = (
				6C03DFED2E3CA251008778D1 /* Debug */,
				6C03DFEE2E3CA251008778D1 /* Release */,
			);
			defaultConfigurationIsVisible = 0;
			defaultConfigurationName = Release;
		};
/* End XCConfigurationList section */
	};
	rootObject = 6C03DFBD2E3CA24F008778D1 /* Project object */;
}
